
Microsoft Visual Studio Solution File, Format Version 12.00
# Visual Studio Version 17
VisualStudioVersion = 17.5.33424.131
MinimumVisualStudioVersion = 10.0.40219.1
Project("{FAE04EC0-301F-11D3-BF4B-00C04F79EFBC}") = "MM-Autohandel", "MM-Autohandel\MM-Autohandel.csproj", "{602D6A27-7DDF-4B3E-9192-863C37E45A18}"
EndProject
Project("{2150E333-8FDC-42A3-9474-1A3956D46DE8}") = "Projektmappenelemente", "Projektmappenelemente", "{FD9B7303-F3C3-4DEB-B02F-1BDE8684BE66}"
	ProjectSection(SolutionItems) = preProject
		docker-compose.yml = docker-compose.yml
	EndProjectSection
EndProject
Global
	GlobalSection(SolutionConfigurationPlatforms) = preSolution
		Debug|Any CPU = Debug|Any CPU
		Release|Any CPU = Release|Any CPU
	EndGlobalSection
	GlobalSection(ProjectConfigurationPlatforms) = postSolution
		{602D6A27-7DDF-4B3E-9192-863C37E45A18}.Debug|Any CPU.ActiveCfg = Debug|Any CPU
		{602D6A27-7DDF-4B3E-9192-863C37E45A18}.Debug|Any CPU.Build.0 = Debug|Any CPU
		{602D6A27-7DDF-4B3E-9192-863C37E45A18}.Release|Any CPU.ActiveCfg = Release|Any CPU
		{602D6A27-7DDF-4B3E-9192-863C37E45A18}.Release|Any CPU.Build.0 = Release|Any CPU
	EndGlobalSection
	GlobalSection(SolutionProperties) = preSolution
		HideSolutionNode = FALSE
	EndGlobalSection
	GlobalSection(ExtensibilityGlobals) = postSolution
		SolutionGuid = {19AFA2F9-DA2D-4251-B3C0-85283B332B40}
	EndGlobalSection
EndGlobal
